
Microsoft Visual Studio Solution File, Format Version 12.00
# Visual Studio Version 17
VisualStudioVersion = 17.9.34723.18
MinimumVisualStudioVersion = 10.0.40219.1
Project("{9A19103F-16F7-4668-BE54-9A1E7A4F7556}") = "RatioIJ2OL", "RatioIJ2OL.csproj", "{4AA5C266-E54D-44C1-99B9-494BA5A128CB}"
EndProject
Global
	GlobalSection(SolutionConfigurationPlatforms) = preSolution
		Debug|Any CPU = Debug|Any CPU
		Release|Any CPU = Release|Any CPU
	EndGlobalSection
	GlobalSection(ProjectConfigurationPlatforms) = postSolution
		{4AA5C266-E54D-44C1-99B9-494BA5A128CB}.Debug|Any CPU.ActiveCfg = Debug|Any CPU
		{4AA5C266-E54D-44C1-99B9-494BA5A128CB}.Debug|Any CPU.Build.0 = Debug|Any CPU
		{4AA5C266-E54D-44C1-99B9-494BA5A128CB}.Release|Any CPU.ActiveCfg = Release|Any CPU
		{4AA5C266-E54D-44C1-99B9-494BA5A128CB}.Release|Any CPU.Build.0 = Release|Any CPU
	EndGlobalSection
	GlobalSection(SolutionProperties) = preSolution
		HideSolutionNode = FALSE
	EndGlobalSection
	GlobalSection(ExtensibilityGlobals) = postSolution
		SolutionGuid = {82995871-D040-47EF-AB1B-2BFF447C5984}
	EndGlobalSection
EndGlobal
